
Microsoft Visual Studio Solution File, Format Version 12.00
# Visual Studio Version 17
VisualStudioVersion = 17.2.32602.215
MinimumVisualStudioVersion = 10.0.40219.1
Project("{FAE04EC0-301F-11D3-BF4B-00C04F79EFBC}") = "Stub.Bimeh", "Stub.Bimeh\Stub.Bimeh.csproj", "{37A7E57E-5CAD-4158-91C6-BE6F7CF397FF}"
EndProject
Project("{FAE04EC0-301F-11D3-BF4B-00C04F79EFBC}") = "Data.Bimeh", "Data.Bimeh\Data.Bimeh.csproj", "{905B1B98-460B-4BB4-A984-3DFD021234C9}"
EndProject
Project("{FAE04EC0-301F-11D3-BF4B-00C04F79EFBC}") = "TestForm", "TestForm\TestForm.csproj", "{4E8C4E06-B16E-47FB-809C-3061F20D335A}"
EndProject
Project("{FAE04EC0-301F-11D3-BF4B-00C04F79EFBC}") = "Common.Bimeh", "Common.Bimeh\Common.Bimeh.csproj", "{0010D75D-5156-4E88-935D-C693199AC673}"
EndProject
Global
	GlobalSection(SolutionConfigurationPlatforms) = preSolution
		Debug|Any CPU = Debug|Any CPU
		Release|Any CPU = Release|Any CPU
	EndGlobalSection
	GlobalSection(ProjectConfigurationPlatforms) = postSolution
		{37A7E57E-5CAD-4158-91C6-BE6F7CF397FF}.Debug|Any CPU.ActiveCfg = Debug|Any CPU
		{37A7E57E-5CAD-4158-91C6-BE6F7CF397FF}.Debug|Any CPU.Build.0 = Debug|Any CPU
		{37A7E57E-5CAD-4158-91C6-BE6F7CF397FF}.Release|Any CPU.ActiveCfg = Release|Any CPU
		{37A7E57E-5CAD-4158-91C6-BE6F7CF397FF}.Release|Any CPU.Build.0 = Release|Any CPU
		{905B1B98-460B-4BB4-A984-3DFD021234C9}.Debug|Any CPU.ActiveCfg = Debug|Any CPU
		{905B1B98-460B-4BB4-A984-3DFD021234C9}.Debug|Any CPU.Build.0 = Debug|Any CPU
		{905B1B98-460B-4BB4-A984-3DFD021234C9}.Release|Any CPU.ActiveCfg = Release|Any CPU
		{905B1B98-460B-4BB4-A984-3DFD021234C9}.Release|Any CPU.Build.0 = Release|Any CPU
		{4E8C4E06-B16E-47FB-809C-3061F20D335A}.Debug|Any CPU.ActiveCfg = Debug|Any CPU
		{4E8C4E06-B16E-47FB-809C-3061F20D335A}.Debug|Any CPU.Build.0 = Debug|Any CPU
		{4E8C4E06-B16E-47FB-809C-3061F20D335A}.Release|Any CPU.ActiveCfg = Release|Any CPU
		{4E8C4E06-B16E-47FB-809C-3061F20D335A}.Release|Any CPU.Build.0 = Release|Any CPU
		{0010D75D-5156-4E88-935D-C693199AC673}.Debug|Any CPU.ActiveCfg = Debug|Any CPU
		{0010D75D-5156-4E88-935D-C693199AC673}.Debug|Any CPU.Build.0 = Debug|Any CPU
		{0010D75D-5156-4E88-935D-C693199AC673}.Release|Any CPU.ActiveCfg = Release|Any CPU
		{0010D75D-5156-4E88-935D-C693199AC673}.Release|Any CPU.Build.0 = Release|Any CPU
	EndGlobalSection
	GlobalSection(SolutionProperties) = preSolution
		HideSolutionNode = FALSE
	EndGlobalSection
	GlobalSection(ExtensibilityGlobals) = postSolution
		SolutionGuid = {F8AA4A2C-1DB5-4035-902F-70F4C481116B}
	EndGlobalSection
EndGlobal
